// !$*UTF8*$!
{
	archiveVersion = 1;
	classes = {
	};
	objectVersion = 50;
	objects = {

/* Begin PBXBuildFile section */
		003A881626CED3400062E932 /* QuestionsViewController.swift in Sources */ = {isa = PBXBuildFile; fileRef = 003A881526CED3400062E932 /* QuestionsViewController.swift */; };
		003A881826CED3570062E932 /* ResultsViewController.swift in Sources */ = {isa = PBXBuildFile; fileRef = 003A881726CED3570062E932 /* ResultsViewController.swift */; };
		00D1EB6E26B9775E0035831E /* AppDelegate.swift in Sources */ = {isa = PBXBuildFile; fileRef = 00D1EB6D26B9775E0035831E /* AppDelegate.swift */; };
		00D1EB7026B9775E0035831E /* SceneDelegate.swift in Sources */ = {isa = PBXBuildFile; fileRef = 00D1EB6F26B9775E0035831E /* SceneDelegate.swift */; };
		00D1EB7226B9775E0035831E /* IntroductionViewController.swift in Sources */ = {isa = PBXBuildFile; fileRef = 00D1EB7126B9775E0035831E /* IntroductionViewController.swift */; };
		00D1EB7526B9775E0035831E /* Main.storyboard in Resources */ = {isa = PBXBuildFile; fileRef = 00D1EB7326B9775E0035831E /* Main.storyboard */; };
		00D1EB7726B977610035831E /* Assets.xcassets in Resources */ = {isa = PBXBuildFile; fileRef = 00D1EB7626B977610035831E /* Assets.xcassets */; };
		00D1EB7A26B977610035831E /* LaunchScreen.storyboard in Resources */ = {isa = PBXBuildFile; fileRef = 00D1EB7826B977610035831E /* LaunchScreen.storyboard */; };
		00D1EB8726B9A4C40035831E /* Question.swift in Sources */ = {isa = PBXBuildFile; fileRef = 00D1EB8626B9A4C40035831E /* Question.swift */; };
		00D1EB8926B9A68B0035831E /* Answer.swift in Sources */ = {isa = PBXBuildFile; fileRef = 00D1EB8826B9A68B0035831E /* Answer.swift */; };
/* End PBXBuildFile section */

/* Begin PBXFileReference section */
		003A881526CED3400062E932 /* QuestionsViewController.swift */ = {isa = PBXFileReference; lastKnownFileType = sourcecode.swift; path = QuestionsViewController.swift; sourceTree = "<group>"; };
		003A881726CED3570062E932 /* ResultsViewController.swift */ = {isa = PBXFileReference; lastKnownFileType = sourcecode.swift; path = ResultsViewController.swift; sourceTree = "<group>"; };
		00D1EB6A26B9775D0035831E /* PersonalQuiz.app */ = {isa = PBXFileReference; explicitFileType = wrapper.application; includeInIndex = 0; path = PersonalQuiz.app; sourceTree = BUILT_PRODUCTS_DIR; };
		00D1EB6D26B9775E0035831E /* AppDelegate.swift */ = {isa = PBXFileReference; lastKnownFileType = sourcecode.swift; path = AppDelegate.swift; sourceTree = "<group>"; };
		00D1EB6F26B9775E0035831E /* SceneDelegate.swift */ = {isa = PBXFileReference; lastKnownFileType = sourcecode.swift; path = SceneDelegate.swift; sourceTree = "<group>"; };
		00D1EB7126B9775E0035831E /* IntroductionViewController.swift */ = {isa = PBXFileReference; lastKnownFileType = sourcecode.swift; path = IntroductionViewController.swift; sourceTree = "<group>"; };
		00D1EB7426B9775E0035831E /* Base */ = {isa = PBXFileReference; lastKnownFileType = file.storyboard; name = Base; path = Base.lproj/Main.storyboard; sourceTree = "<group>"; };
		00D1EB7626B977610035831E /* Assets.xcassets */ = {isa = PBXFileReference; lastKnownFileType = folder.assetcatalog; path = Assets.xcassets; sourceTree = "<group>"; };
		00D1EB7926B977610035831E /* Base */ = {isa = PBXFileReference; lastKnownFileType = file.storyboard; name = Base; path = Base.lproj/LaunchScreen.storyboard; sourceTree = "<group>"; };
		00D1EB7B26B977610035831E /* Info.plist */ = {isa = PBXFileReference; lastKnownFileType = text.plist.xml; path = Info.plist; sourceTree = "<group>"; };
		00D1EB8626B9A4C40035831E /* Question.swift */ = {isa = PBXFileReference; lastKnownFileType = sourcecode.swift; path = Question.swift; sourceTree = "<group>"; };
		00D1EB8826B9A68B0035831E /* Answer.swift */ = {isa = PBXFileReference; lastKnownFileType = sourcecode.swift; path = Answer.swift; sourceTree = "<group>"; };
/* End PBXFileReference section */

/* Begin PBXFrameworksBuildPhase section */
		00D1EB6726B9775D0035831E /* Frameworks */ = {
			isa = PBXFrameworksBuildPhase;
			buildActionMask = 2147483647;
			files = (
			);
			runOnlyForDeploymentPostprocessing = 0;
		};
/* End PBXFrameworksBuildPhase section */

/* Begin PBXGroup section */
		00D1EB6126B9775D0035831E = {
			isa = PBXGroup;
			children = (
				00D1EB6C26B9775D0035831E /* PersonalQuiz */,
				00D1EB6B26B9775D0035831E /* Products */,
			);
			sourceTree = "<group>";
		};
		00D1EB6B26B9775D0035831E /* Products */ = {
			isa = PBXGroup;
			children = (
				00D1EB6A26B9775D0035831E /* PersonalQuiz.app */,
			);
			name = Products;
			sourceTree = "<group>";
		};
		00D1EB6C26B9775D0035831E /* PersonalQuiz */ = {
			isa = PBXGroup;
			children = (
				00D1EB8126B979010035831E /* ViewController */,
				00D1EB8526B979ED0035831E /* Models */,
				00D1EB8226B9791C0035831E /* Storyboards */,
				00D1EB8326B9793E0035831E /* SupportingFiles */,
				00D1EB8426B979510035831E /* Resources */,
			);
			path = PersonalQuiz;
			sourceTree = "<group>";
		};
		00D1EB8126B979010035831E /* ViewController */ = {
			isa = PBXGroup;
			children = (
				00D1EB7126B9775E0035831E /* IntroductionViewController.swift */,
				003A881526CED3400062E932 /* QuestionsViewController.swift */,
				003A881726CED3570062E932 /* ResultsViewController.swift */,
			);
			path = ViewController;
			sourceTree = "<group>";
		};
		00D1EB8226B9791C0035831E /* Storyboards */ = {
			isa = PBXGroup;
			children = (
				00D1EB7326B9775E0035831E /* Main.storyboard */,
				00D1EB7826B977610035831E /* LaunchScreen.storyboard */,
			);
			path = Storyboards;
			sourceTree = "<group>";
		};
		00D1EB8326B9793E0035831E /* SupportingFiles */ = {
			isa = PBXGroup;
			children = (
				00D1EB6D26B9775E0035831E /* AppDelegate.swift */,
				00D1EB6F26B9775E0035831E /* SceneDelegate.swift */,
				00D1EB7B26B977610035831E /* Info.plist */,
			);
			path = SupportingFiles;
			sourceTree = "<group>";
		};
		00D1EB8426B979510035831E /* Resources */ = {
			isa = PBXGroup;
			children = (
				00D1EB7626B977610035831E /* Assets.xcassets */,
			);
			path = Resources;
			sourceTree = "<group>";
		};
		00D1EB8526B979ED0035831E /* Models */ = {
			isa = PBXGroup;
			children = (
				00D1EB8626B9A4C40035831E /* Question.swift */,
				00D1EB8826B9A68B0035831E /* Answer.swift */,
			);
			path = Models;
			sourceTree = "<group>";
		};
/* End PBXGroup section */

/* Begin PBXNativeTarget section */
		00D1EB6926B9775D0035831E /* PersonalQuiz */ = {
			isa = PBXNativeTarget;
			buildConfigurationList = 00D1EB7E26B977610035831E /* Build configuration list for PBXNativeTarget "PersonalQuiz" */;
			buildPhases = (
				00D1EB6626B9775D0035831E /* Sources */,
				00D1EB6726B9775D0035831E /* Frameworks */,
				00D1EB6826B9775D0035831E /* Resources */,
			);
			buildRules = (
			);
			dependencies = (
			);
			name = PersonalQuiz;
			productName = PersonalQuiz;
			productReference = 00D1EB6A26B9775D0035831E /* PersonalQuiz.app */;
			productType = "com.apple.product-type.application";
		};
/* End PBXNativeTarget section */

/* Begin PBXProject section */
		00D1EB6226B9775D0035831E /* Project object */ = {
			isa = PBXProject;
			attributes = {
				LastSwiftUpdateCheck = 1250;
				LastUpgradeCheck = 1250;
				TargetAttributes = {
					00D1EB6926B9775D0035831E = {
						CreatedOnToolsVersion = 12.5;
					};
				};
			};
			buildConfigurationList = 00D1EB6526B9775D0035831E /* Build configuration list for PBXProject "PersonalQuiz" */;
			compatibilityVersion = "Xcode 9.3";
			developmentRegion = en;
			hasScannedForEncodings = 0;
			knownRegions = (
				en,
				Base,
			);
			mainGroup = 00D1EB6126B9775D0035831E;
			productRefGroup = 00D1EB6B26B9775D0035831E /* Products */;
			projectDirPath = "";
			projectRoot = "";
			targets = (
				00D1EB6926B9775D0035831E /* PersonalQuiz */,
			);
		};
/* End PBXProject section */

/* Begin PBXResourcesBuildPhase section */
		00D1EB6826B9775D0035831E /* Resources */ = {
			isa = PBXResourcesBuildPhase;
			buildActionMask = 2147483647;
			files = (
				00D1EB7A26B977610035831E /* LaunchScreen.storyboard in Resources */,
				00D1EB7726B977610035831E /* Assets.xcassets in Resources */,
				00D1EB7526B9775E0035831E /* Main.storyboard in Resources */,
			);
			runOnlyForDeploymentPostprocessing = 0;
		};
/* End PBXResourcesBuildPhase section */

/* Begin PBXSourcesBuildPhase section */
		00D1EB6626B9775D0035831E /* Sources */ = {
			isa = PBXSourcesBuildPhase;
			buildActionMask = 2147483647;
			files = (
				00D1EB7226B9775E0035831E /* IntroductionViewController.swift in Sources */,
				00D1EB8726B9A4C40035831E /* Question.swift in Sources */,
				003A881626CED3400062E932 /* QuestionsViewController.swift in Sources */,
				003A881826CED3570062E932 /* ResultsViewController.swift in Sources */,
				00D1EB8926B9A68B0035831E /* Answer.swift in Sources */,
				00D1EB6E26B9775E0035831E /* AppDelegate.swift in Sources */,
				00D1EB7026B9775E0035831E /* SceneDelegate.swift in Sources */,
			);
			runOnlyForDeploymentPostprocessing = 0;
		};
/* End PBXSourcesBuildPhase section */

/* Begin PBXVariantGroup section */
		00D1EB7326B9775E0035831E /* Main.storyboard */ = {
			isa = PBXVariantGroup;
			children = (
				00D1EB7426B9775E0035831E /* Base */,
			);
			name = Main.storyboard;
			sourceTree = "<group>";
		};
		00D1EB7826B977610035831E /* LaunchScreen.storyboard */ = {
			isa = PBXVariantGroup;
			children = (
				00D1EB7926B977610035831E /* Base */,
			);
			name = LaunchScreen.storyboard;
			sourceTree = "<group>";
		};
/* End PBXVariantGroup section */

/* Begin XCBuildConfiguration section */
		00D1EB7C26B977610035831E /* Debug */ = {
			isa = XCBuildConfiguration;
			buildSettings = {
				ALWAYS_SEARCH_USER_PATHS = NO;
				CLANG_ANALYZER_NONNULL = YES;
				CLANG_ANALYZER_NUMBER_OBJECT_CONVERSION = YES_AGGRESSIVE;
				CLANG_CXX_LANGUAGE_STANDARD = "gnu++14";
				CLANG_CXX_LIBRARY = "libc++";
				CLANG_ENABLE_MODULES = YES;
				CLANG_ENABLE_OBJC_ARC = YES;
				CLANG_ENABLE_OBJC_WEAK = YES;
				CLANG_WARN_BLOCK_CAPTURE_AUTORELEASING = YES;
				CLANG_WARN_BOOL_CONVERSION = YES;
				CLANG_WARN_COMMA = YES;
				CLANG_WARN_CONSTANT_CONVERSION = YES;
				CLANG_WARN_DEPRECATED_OBJC_IMPLEMENTATIONS = YES;
				CLANG_WARN_DIRECT_OBJC_ISA_USAGE = YES_ERROR;
				CLANG_WARN_DOCUMENTATION_COMMENTS = YES;
				CLANG_WARN_EMPTY_BODY = YES;
				CLANG_WARN_ENUM_CONVERSION = YES;
				CLANG_WARN_INFINITE_RECURSION = YES;
				CLANG_WARN_INT_CONVERSION = YES;
				CLANG_WARN_NON_LITERAL_NULL_CONVERSION = YES;
				CLANG_WARN_OBJC_IMPLICIT_RETAIN_SELF = YES;
				CLANG_WARN_OBJC_LITERAL_CONVERSION = YES;
				CLANG_WARN_OBJC_ROOT_CLASS = YES_ERROR;
				CLANG_WARN_QUOTED_INCLUDE_IN_FRAMEWORK_HEADER = YES;
				CLANG_WARN_RANGE_LOOP_ANALYSIS = YES;
				CLANG_WARN_STRICT_PROTOTYPES = YES;
				CLANG_WARN_SUSPICIOUS_MOVE = YES;
				CLANG_WARN_UNGUARDED_AVAILABILITY = YES_AGGRESSIVE;
				CLANG_WARN_UNREACHABLE_CODE = YES;
				CLANG_WARN__DUPLICATE_METHOD_MATCH = YES;
				COPY_PHASE_STRIP = NO;
				DEBUG_INFORMATION_FORMAT = dwarf;
				ENABLE_STRICT_OBJC_MSGSEND = YES;
				ENABLE_TESTABILITY = YES;
				GCC_C_LANGUAGE_STANDARD = gnu11;
				GCC_DYNAMIC_NO_PIC = NO;
				GCC_NO_COMMON_BLOCKS = YES;
				GCC_OPTIMIZATION_LEVEL = 0;
				GCC_PREPROCESSOR_DEFINITIONS = (
					"DEBUG=1",
					"$(inherited)",
				);
				GCC_WARN_64_TO_32_BIT_CONVERSION = YES;
				GCC_WARN_ABOUT_RETURN_TYPE = YES_ERROR;
				GCC_WARN_UNDECLARED_SELECTOR = YES;
				GCC_WARN_UNINITIALIZED_AUTOS = YES_AGGRESSIVE;
				GCC_WARN_UNUSED_FUNCTION = YES;
				GCC_WARN_UNUSED_VARIABLE = YES;
				IPHONEOS_DEPLOYMENT_TARGET = 14.5;
				MTL_ENABLE_DEBUG_INFO = INCLUDE_SOURCE;
				MTL_FAST_MATH = YES;
				ONLY_ACTIVE_ARCH = YES;
				SDKROOT = iphoneos;
				SWIFT_ACTIVE_COMPILATION_CONDITIONS = DEBUG;
				SWIFT_OPTIMIZATION_LEVEL = "-Onone";
			};
			name = Debug;
		};
		00D1EB7D26B977610035831E /* Release */ = {
			isa = XCBuildConfiguration;
			buildSettings = {
				ALWAYS_SEARCH_USER_PATHS = NO;
				CLANG_ANALYZER_NONNULL = YES;
				CLANG_ANALYZER_NUMBER_OBJECT_CONVERSION = YES_AGGRESSIVE;
				CLANG_CXX_LANGUAGE_STANDARD = "gnu++14";
				CLANG_CXX_LIBRARY = "libc++";
				CLANG_ENABLE_MODULES = YES;
				CLANG_ENABLE_OBJC_ARC = YES;
				CLANG_ENABLE_OBJC_WEAK = YES;
				CLANG_WARN_BLOCK_CAPTURE_AUTORELEASING = YES;
				CLANG_WARN_BOOL_CONVERSION = YES;
				CLANG_WARN_COMMA = YES;
				CLANG_WARN_CONSTANT_CONVERSION = YES;
				CLANG_WARN_DEPRECATED_OBJC_IMPLEMENTATIONS = YES;
				CLANG_WARN_DIRECT_OBJC_ISA_USAGE = YES_ERROR;
				CLANG_WARN_DOCUMENTATION_COMMENTS = YES;
				CLANG_WARN_EMPTY_BODY = YES;
				CLANG_WARN_ENUM_CONVERSION = YES;
				CLANG_WARN_INFINITE_RECURSION = YES;
				CLANG_WARN_INT_CONVERSION = YES;
				CLANG_WARN_NON_LITERAL_NULL_CONVERSION = YES;
				CLANG_WARN_OBJC_IMPLICIT_RETAIN_SELF = YES;
				CLANG_WARN_OBJC_LITERAL_CONVERSION = YES;
				CLANG_WARN_OBJC_ROOT_CLASS = YES_ERROR;
				CLANG_WARN_QUOTED_INCLUDE_IN_FRAMEWORK_HEADER = YES;
				CLANG_WARN_RANGE_LOOP_ANALYSIS = YES;
				CLANG_WARN_STRICT_PROTOTYPES = YES;
				CLANG_WARN_SUSPICIOUS_MOVE = YES;
				CLANG_WARN_UNGUARDED_AVAILABILITY = YES_AGGRESSIVE;
				CLANG_WARN_UNREACHABLE_CODE = YES;
				CLANG_WARN__DUPLICATE_METHOD_MATCH = YES;
				COPY_PHASE_STRIP = NO;
				DEBUG_INFORMATION_FORMAT = "dwarf-with-dsym";
				ENABLE_NS_ASSERTIONS = NO;
				ENABLE_STRICT_OBJC_MSGSEND = YES;
				GCC_C_LANGUAGE_STANDARD = gnu11;
				GCC_NO_COMMON_BLOCKS = YES;
				GCC_WARN_64_TO_32_BIT_CONVERSION = YES;
				GCC_WARN_ABOUT_RETURN_TYPE = YES_ERROR;
				GCC_WARN_UNDECLARED_SELECTOR = YES;
				GCC_WARN_UNINITIALIZED_AUTOS = YES_AGGRESSIVE;
				GCC_WARN_UNUSED_FUNCTION = YES;
				GCC_WARN_UNUSED_VARIABLE = YES;
				IPHONEOS_DEPLOYMENT_TARGET = 14.5;
				MTL_ENABLE_DEBUG_INFO = NO;
				MTL_FAST_MATH = YES;
				SDKROOT = iphoneos;
				SWIFT_COMPILATION_MODE = wholemodule;
				SWIFT_OPTIMIZATION_LEVEL = "-O";
				VALIDATE_PRODUCT = YES;
			};
			name = Release;
		};
		00D1EB7F26B977610035831E /* Debug */ = {
			isa = XCBuildConfiguration;
			buildSettings = {
				ASSETCATALOG_COMPILER_APPICON_NAME = AppIcon;
				ASSETCATALOG_COMPILER_GLOBAL_ACCENT_COLOR_NAME = AccentColor;
				CODE_SIGN_STYLE = Automatic;
				DEVELOPMENT_TEAM = A426P5VA2L;
				INFOPLIST_FILE = PersonalQuiz/SupportingFiles/Info.plist;
				IPHONEOS_DEPLOYMENT_TARGET = 13.0;
				LD_RUNPATH_SEARCH_PATHS = (
					"$(inherited)",
					"@executable_path/Frameworks",
				);
				PRODUCT_BUNDLE_IDENTIFIER = MaxKucherIosSwift.PersonalQuiz;
				PRODUCT_NAME = "$(TARGET_NAME)";
				SWIFT_VERSION = 5.0;
				TARGETED_DEVICE_FAMILY = 1;
			};
			name = Debug;
		};
		00D1EB8026B977610035831E /* Release */ = {
			isa = XCBuildConfiguration;
			buildSettings = {
				ASSETCATALOG_COMPILER_APPICON_NAME = AppIcon;
				ASSETCATALOG_COMPILER_GLOBAL_ACCENT_COLOR_NAME = AccentColor;
				CODE_SIGN_STYLE = Automatic;
				DEVELOPMENT_TEAM = A426P5VA2L;
				INFOPLIST_FILE = PersonalQuiz/SupportingFiles/Info.plist;
				IPHONEOS_DEPLOYMENT_TARGET = 13.0;
				LD_RUNPATH_SEARCH_PATHS = (
					"$(inherited)",
					"@executable_path/Frameworks",
				);
				PRODUCT_BUNDLE_IDENTIFIER = MaxKucherIosSwift.PersonalQuiz;
				PRODUCT_NAME = "$(TARGET_NAME)";
				SWIFT_VERSION = 5.0;
				TARGETED_DEVICE_FAMILY = 1;
			};
			name = Release;
		};
/* End XCBuildConfiguration section */

/* Begin XCConfigurationList section */
		00D1EB6526B9775D0035831E /* Build configuration list for PBXProject "PersonalQuiz" */ = {
			isa = XCConfigurationList;
			buildConfigurations = (
				00D1EB7C26B977610035831E /* Debug */,
				00D1EB7D26B977610035831E /* Release */,
			);
			defaultConfigurationIsVisible = 0;
			defaultConfigurationName = Release;
		};
		00D1EB7E26B977610035831E /* Build configuration list for PBXNativeTarget "PersonalQuiz" */ = {
			isa = XCConfigurationList;
			buildConfigurations = (
				00D1EB7F26B977610035831E /* Debug */,
				00D1EB8026B977610035831E /* Release */,
			);
			defaultConfigurationIsVisible = 0;
			defaultConfigurationName = Release;
		};
/* End XCConfigurationList section */
	};
	rootObject = 00D1EB6226B9775D0035831E /* Project object */;
}
